
Microsoft Visual Studio Solution File, Format Version 12.00
# Visual Studio Version 17
VisualStudioVersion = 17.2.32616.157
MinimumVisualStudioVersion = 10.0.40219.1
Project("{9A19103F-16F7-4668-BE54-9A1E7A4F7556}") = "AlbumAPI", "AlbumAPI\AlbumAPI.csproj", "{0443790E-244A-4186-9F6C-618C26AA978E}"
EndProject
Project("{9A19103F-16F7-4668-BE54-9A1E7A4F7556}") = "Album.Data", "Album.Data\Album.Data.csproj", "{8A868072-2339-4BC0-9FE3-ACB3DC6222B4}"
EndProject
Project("{9A19103F-16F7-4668-BE54-9A1E7A4F7556}") = "Album.Business", "Album.Business\Album.Business.csproj", "{827C0D2F-8CC8-4331-98E2-1B2C2B39C228}"
EndProject
Global
	GlobalSection(SolutionConfigurationPlatforms) = preSolution
		Debug|Any CPU = Debug|Any CPU
		Release|Any CPU = Release|Any CPU
	EndGlobalSection
	GlobalSection(ProjectConfigurationPlatforms) = postSolution
		{0443790E-244A-4186-9F6C-618C26AA978E}.Debug|Any CPU.ActiveCfg = Debug|Any CPU
		{0443790E-244A-4186-9F6C-618C26AA978E}.Debug|Any CPU.Build.0 = Debug|Any CPU
		{0443790E-244A-4186-9F6C-618C26AA978E}.Release|Any CPU.ActiveCfg = Release|Any CPU
		{0443790E-244A-4186-9F6C-618C26AA978E}.Release|Any CPU.Build.0 = Release|Any CPU
		{8A868072-2339-4BC0-9FE3-ACB3DC6222B4}.Debug|Any CPU.ActiveCfg = Debug|Any CPU
		{8A868072-2339-4BC0-9FE3-ACB3DC6222B4}.Debug|Any CPU.Build.0 = Debug|Any CPU
		{8A868072-2339-4BC0-9FE3-ACB3DC6222B4}.Release|Any CPU.ActiveCfg = Release|Any CPU
		{8A868072-2339-4BC0-9FE3-ACB3DC6222B4}.Release|Any CPU.Build.0 = Release|Any CPU
		{827C0D2F-8CC8-4331-98E2-1B2C2B39C228}.Debug|Any CPU.ActiveCfg = Debug|Any CPU
		{827C0D2F-8CC8-4331-98E2-1B2C2B39C228}.Debug|Any CPU.Build.0 = Debug|Any CPU
		{827C0D2F-8CC8-4331-98E2-1B2C2B39C228}.Release|Any CPU.ActiveCfg = Release|Any CPU
		{827C0D2F-8CC8-4331-98E2-1B2C2B39C228}.Release|Any CPU.Build.0 = Release|Any CPU
	EndGlobalSection
	GlobalSection(SolutionProperties) = preSolution
		HideSolutionNode = FALSE
	EndGlobalSection
	GlobalSection(ExtensibilityGlobals) = postSolution
		SolutionGuid = {41623FFE-4D7F-460C-B7F2-5A1904C6465C}
	EndGlobalSection
EndGlobal
